
Microsoft Visual Studio Solution File, Format Version 12.00
# Visual Studio Version 16
VisualStudioVersion = 16.0.30611.23
MinimumVisualStudioVersion = 10.0.40219.1
Project("{9A19103F-16F7-4668-BE54-9A1E7A4F7556}") = "SOLUNESDIGITAL.FinancialEducation", "SOLUNESDIGITAL.FinancialEducation\SOLUNESDIGITAL.FinancialEducation.csproj", "{EAA651FA-01DA-4F42-9804-DA5C8B30DD58}"
EndProject
Project("{2150E333-8FDC-42A3-9474-1A3956D46DE8}") = "DataAccess", "DataAccess", "{27D08B50-F915-4E06-B6C9-FC7BB3C2A45A}"
EndProject
Project("{9A19103F-16F7-4668-BE54-9A1E7A4F7556}") = "SOLUNESDIGITAL.FinancialEducation.DataAccess", "SOLUNESDIGITAL.FinancialEducation.DataAccess\SOLUNESDIGITAL.FinancialEducation.DataAccess.csproj", "{DE8F8AD7-B4B5-4AB3-B6A0-89ABB99C89A0}"
EndProject
Project("{2150E333-8FDC-42A3-9474-1A3956D46DE8}") = "Framework", "Framework", "{19D9BD08-E833-4A19-8A68-B2EACBA8835A}"
EndProject
Project("{9A19103F-16F7-4668-BE54-9A1E7A4F7556}") = "SOLUNESDIGITAL.Framework.Common", "SOLUNESDIGITAL.Framework.Common\SOLUNESDIGITAL.Framework.Common.csproj", "{6944A63B-D8AD-44A0-A48D-427B146C7171}"
EndProject
Project("{2150E333-8FDC-42A3-9474-1A3956D46DE8}") = "Logs", "Logs", "{45506B60-47F3-4019-9988-B6A700D694D1}"
EndProject
Project("{9A19103F-16F7-4668-BE54-9A1E7A4F7556}") = "SOLUNESDIGITAL.Framework.Logs", "SOLUNESDIGITAL.Framework.Logs\SOLUNESDIGITAL.Framework.Logs.csproj", "{3D549284-5A9C-4905-BCE2-3F8C22F0CCA7}"
EndProject
Project("{2150E333-8FDC-42A3-9474-1A3956D46DE8}") = "Models", "Models", "{A2C892E5-EE65-4153-82B1-763EC2DE23FF}"
EndProject
Project("{9A19103F-16F7-4668-BE54-9A1E7A4F7556}") = "SOLUNESDIGITAL.FinancialEducation.Models", "SOLUNESDIGITAL.FinancialEducation.Models\SOLUNESDIGITAL.FinancialEducation.Models.csproj", "{990B5F99-7355-4222-ABC8-3E02C3139A29}"
EndProject
Project("{2150E333-8FDC-42A3-9474-1A3956D46DE8}") = "Connectors", "Connectors", "{956899DF-21CE-4DA1-A73B-DBE8CCAC5A35}"
EndProject
Project("{9A19103F-16F7-4668-BE54-9A1E7A4F7556}") = "SOLUNESDIGITAL.FinancialEducation.Core", "SOLUNESDIGITAL.FinancialEducation.Core\SOLUNESDIGITAL.FinancialEducation.Core.csproj", "{8E6F6A30-DA86-47AE-9CA8-05704F90EA27}"
EndProject
Project("{9A19103F-16F7-4668-BE54-9A1E7A4F7556}") = "SOLUNESDIGITAL.Connector.Token", "SOLUNESDIGITAL.Connector.Token\SOLUNESDIGITAL.Connector.Token.csproj", "{3ED422B8-F503-4E9D-B673-8E8D6C72A6D5}"
EndProject
Project("{9A19103F-16F7-4668-BE54-9A1E7A4F7556}") = "SOLUNESDIGITAL.FinancialEducation.Connector.Email", "SOLUNESDIGITAL.FinancialEducation.Connector.Email\SOLUNESDIGITAL.FinancialEducation.Connector.Email.csproj", "{47176F42-D252-46A4-A5DC-2A4000CC77E8}"
EndProject
Project("{2150E333-8FDC-42A3-9474-1A3956D46DE8}") = "ToolsImages", "ToolsImages", "{69603B1D-DD67-4EB6-9A4A-02C6DE75D524}"
EndProject
Project("{FAE04EC0-301F-11D3-BF4B-00C04F79EFBC}") = "SOLUNESDIGITAL.Tools.Images", "SOLUNESDIGITAL.Tools.Images\SOLUNESDIGITAL.Tools.Images.csproj", "{40F2CE34-D416-41DC-B73F-BCF024F5A330}"
EndProject
Global
	GlobalSection(SolutionConfigurationPlatforms) = preSolution
		Debug|Any CPU = Debug|Any CPU
		Release|Any CPU = Release|Any CPU
	EndGlobalSection
	GlobalSection(ProjectConfigurationPlatforms) = postSolution
		{EAA651FA-01DA-4F42-9804-DA5C8B30DD58}.Debug|Any CPU.ActiveCfg = Debug|Any CPU
		{EAA651FA-01DA-4F42-9804-DA5C8B30DD58}.Debug|Any CPU.Build.0 = Debug|Any CPU
		{EAA651FA-01DA-4F42-9804-DA5C8B30DD58}.Release|Any CPU.ActiveCfg = Release|Any CPU
		{EAA651FA-01DA-4F42-9804-DA5C8B30DD58}.Release|Any CPU.Build.0 = Release|Any CPU
		{DE8F8AD7-B4B5-4AB3-B6A0-89ABB99C89A0}.Debug|Any CPU.ActiveCfg = Debug|Any CPU
		{DE8F8AD7-B4B5-4AB3-B6A0-89ABB99C89A0}.Debug|Any CPU.Build.0 = Debug|Any CPU
		{DE8F8AD7-B4B5-4AB3-B6A0-89ABB99C89A0}.Release|Any CPU.ActiveCfg = Release|Any CPU
		{DE8F8AD7-B4B5-4AB3-B6A0-89ABB99C89A0}.Release|Any CPU.Build.0 = Release|Any CPU
		{6944A63B-D8AD-44A0-A48D-427B146C7171}.Debug|Any CPU.ActiveCfg = Debug|Any CPU
		{6944A63B-D8AD-44A0-A48D-427B146C7171}.Debug|Any CPU.Build.0 = Debug|Any CPU
		{6944A63B-D8AD-44A0-A48D-427B146C7171}.Release|Any CPU.ActiveCfg = Release|Any CPU
		{6944A63B-D8AD-44A0-A48D-427B146C7171}.Release|Any CPU.Build.0 = Release|Any CPU
		{3D549284-5A9C-4905-BCE2-3F8C22F0CCA7}.Debug|Any CPU.ActiveCfg = Debug|Any CPU
		{3D549284-5A9C-4905-BCE2-3F8C22F0CCA7}.Debug|Any CPU.Build.0 = Debug|Any CPU
		{3D549284-5A9C-4905-BCE2-3F8C22F0CCA7}.Release|Any CPU.ActiveCfg = Release|Any CPU
		{3D549284-5A9C-4905-BCE2-3F8C22F0CCA7}.Release|Any CPU.Build.0 = Release|Any CPU
		{990B5F99-7355-4222-ABC8-3E02C3139A29}.Debug|Any CPU.ActiveCfg = Debug|Any CPU
		{990B5F99-7355-4222-ABC8-3E02C3139A29}.Debug|Any CPU.Build.0 = Debug|Any CPU
		{990B5F99-7355-4222-ABC8-3E02C3139A29}.Release|Any CPU.ActiveCfg = Release|Any CPU
		{990B5F99-7355-4222-ABC8-3E02C3139A29}.Release|Any CPU.Build.0 = Release|Any CPU
		{8E6F6A30-DA86-47AE-9CA8-05704F90EA27}.Debug|Any CPU.ActiveCfg = Debug|Any CPU
		{8E6F6A30-DA86-47AE-9CA8-05704F90EA27}.Debug|Any CPU.Build.0 = Debug|Any CPU
		{8E6F6A30-DA86-47AE-9CA8-05704F90EA27}.Release|Any CPU.ActiveCfg = Release|Any CPU
		{8E6F6A30-DA86-47AE-9CA8-05704F90EA27}.Release|Any CPU.Build.0 = Release|Any CPU
		{3ED422B8-F503-4E9D-B673-8E8D6C72A6D5}.Debug|Any CPU.ActiveCfg = Debug|Any CPU
		{3ED422B8-F503-4E9D-B673-8E8D6C72A6D5}.Debug|Any CPU.Build.0 = Debug|Any CPU
		{3ED422B8-F503-4E9D-B673-8E8D6C72A6D5}.Release|Any CPU.ActiveCfg = Release|Any CPU
		{3ED422B8-F503-4E9D-B673-8E8D6C72A6D5}.Release|Any CPU.Build.0 = Release|Any CPU
		{47176F42-D252-46A4-A5DC-2A4000CC77E8}.Debug|Any CPU.ActiveCfg = Debug|Any CPU
		{47176F42-D252-46A4-A5DC-2A4000CC77E8}.Debug|Any CPU.Build.0 = Debug|Any CPU
		{47176F42-D252-46A4-A5DC-2A4000CC77E8}.Release|Any CPU.ActiveCfg = Release|Any CPU
		{47176F42-D252-46A4-A5DC-2A4000CC77E8}.Release|Any CPU.Build.0 = Release|Any CPU
		{40F2CE34-D416-41DC-B73F-BCF024F5A330}.Debug|Any CPU.ActiveCfg = Debug|Any CPU
		{40F2CE34-D416-41DC-B73F-BCF024F5A330}.Debug|Any CPU.Build.0 = Debug|Any CPU
		{40F2CE34-D416-41DC-B73F-BCF024F5A330}.Release|Any CPU.ActiveCfg = Release|Any CPU
		{40F2CE34-D416-41DC-B73F-BCF024F5A330}.Release|Any CPU.Build.0 = Release|Any CPU
	EndGlobalSection
	GlobalSection(SolutionProperties) = preSolution
		HideSolutionNode = FALSE
	EndGlobalSection
	GlobalSection(NestedProjects) = preSolution
		{DE8F8AD7-B4B5-4AB3-B6A0-89ABB99C89A0} = {27D08B50-F915-4E06-B6C9-FC7BB3C2A45A}
		{6944A63B-D8AD-44A0-A48D-427B146C7171} = {19D9BD08-E833-4A19-8A68-B2EACBA8835A}
		{3D549284-5A9C-4905-BCE2-3F8C22F0CCA7} = {45506B60-47F3-4019-9988-B6A700D694D1}
		{990B5F99-7355-4222-ABC8-3E02C3139A29} = {A2C892E5-EE65-4153-82B1-763EC2DE23FF}
		{3ED422B8-F503-4E9D-B673-8E8D6C72A6D5} = {956899DF-21CE-4DA1-A73B-DBE8CCAC5A35}
		{47176F42-D252-46A4-A5DC-2A4000CC77E8} = {956899DF-21CE-4DA1-A73B-DBE8CCAC5A35}
		{40F2CE34-D416-41DC-B73F-BCF024F5A330} = {69603B1D-DD67-4EB6-9A4A-02C6DE75D524}
	EndGlobalSection
	GlobalSection(ExtensibilityGlobals) = postSolution
		SolutionGuid = {0157C11F-AA95-49CA-B9E6-AEE8C2BD63C1}
	EndGlobalSection
EndGlobal
